// !$*UTF8*$!
{
	archiveVersion = 1;
	classes = {
	};
	objectVersion = 46;
	objects = {

/* Begin PBXBuildFile section */
		038A530D1B2E8A37001AD6DA /* main.swift in Sources */ = {isa = PBXBuildFile; fileRef = 038A530C1B2E8A37001AD6DA /* main.swift */; };
		038A53141B2E8AFC001AD6DA /* Boxer.swift in Sources */ = {isa = PBXBuildFile; fileRef = 038A53131B2E8AFC001AD6DA /* Boxer.swift */; };
		038A53161B2E8BD2001AD6DA /* GameActions.swift in Sources */ = {isa = PBXBuildFile; fileRef = 038A53151B2E8BD2001AD6DA /* GameActions.swift */; };
/* End PBXBuildFile section */

/* Begin PBXCopyFilesBuildPhase section */
		038A53071B2E8A37001AD6DA /* CopyFiles */ = {
			isa = PBXCopyFilesBuildPhase;
			buildActionMask = 2147483647;
			dstPath = /usr/share/man/man1/;
			dstSubfolderSpec = 0;
			files = (
			);
			runOnlyForDeploymentPostprocessing = 1;
		};
/* End PBXCopyFilesBuildPhase section */

/* Begin PBXFileReference section */
		038A53091B2E8A37001AD6DA /* CLIBoxing */ = {isa = PBXFileReference; explicitFileType = "compiled.mach-o.executable"; includeInIndex = 0; path = CLIBoxing; sourceTree = BUILT_PRODUCTS_DIR; };
		038A530C1B2E8A37001AD6DA /* main.swift */ = {isa = PBXFileReference; lastKnownFileType = sourcecode.swift; path = main.swift; sourceTree = "<group>"; };
		038A53131B2E8AFC001AD6DA /* Boxer.swift */ = {isa = PBXFileReference; fileEncoding = 4; lastKnownFileType = sourcecode.swift; path = Boxer.swift; sourceTree = "<group>"; };
		038A53151B2E8BD2001AD6DA /* GameActions.swift */ = {isa = PBXFileReference; fileEncoding = 4; lastKnownFileType = sourcecode.swift; path = GameActions.swift; sourceTree = "<group>"; };
/* End PBXFileReference section */

/* Begin PBXFrameworksBuildPhase section */
		038A53061B2E8A37001AD6DA /* Frameworks */ = {
			isa = PBXFrameworksBuildPhase;
			buildActionMask = 2147483647;
			files = (
			);
			runOnlyForDeploymentPostprocessing = 0;
		};
/* End PBXFrameworksBuildPhase section */

/* Begin PBXGroup section */
		038A53001B2E8A37001AD6DA = {
			isa = PBXGroup;
			children = (
				038A530B1B2E8A37001AD6DA /* CLIBoxing */,
				038A530A1B2E8A37001AD6DA /* Products */,
			);
			sourceTree = "<group>";
		};
		038A530A1B2E8A37001AD6DA /* Products */ = {
			isa = PBXGroup;
			children = (
				038A53091B2E8A37001AD6DA /* CLIBoxing */,
			);
			name = Products;
			sourceTree = "<group>";
		};
		038A530B1B2E8A37001AD6DA /* CLIBoxing */ = {
			isa = PBXGroup;
			children = (
				038A530C1B2E8A37001AD6DA /* main.swift */,
				038A53131B2E8AFC001AD6DA /* Boxer.swift */,
				038A53151B2E8BD2001AD6DA /* GameActions.swift */,
			);
			path = CLIBoxing;
			sourceTree = "<group>";
		};
/* End PBXGroup section */

/* Begin PBXNativeTarget section */
		038A53081B2E8A37001AD6DA /* CLIBoxing */ = {
			isa = PBXNativeTarget;
			buildConfigurationList = 038A53101B2E8A37001AD6DA /* Build configuration list for PBXNativeTarget "CLIBoxing" */;
			buildPhases = (
				038A53051B2E8A37001AD6DA /* Sources */,
				038A53061B2E8A37001AD6DA /* Frameworks */,
				038A53071B2E8A37001AD6DA /* CopyFiles */,
			);
			buildRules = (
			);
			dependencies = (
			);
			name = CLIBoxing;
			productName = CLIBoxing;
			productReference = 038A53091B2E8A37001AD6DA /* CLIBoxing */;
			productType = "com.apple.product-type.tool";
		};
/* End PBXNativeTarget section */

/* Begin PBXProject section */
		038A53011B2E8A37001AD6DA /* Project object */ = {
			isa = PBXProject;
			attributes = {
				LastUpgradeCheck = 0610;
				ORGANIZATIONNAME = n3rdcav3;
				TargetAttributes = {
					038A53081B2E8A37001AD6DA = {
						CreatedOnToolsVersion = 6.1;
					};
				};
			};
			buildConfigurationList = 038A53041B2E8A37001AD6DA /* Build configuration list for PBXProject "CLIBoxing" */;
			compatibilityVersion = "Xcode 3.2";
			developmentRegion = English;
			hasScannedForEncodings = 0;
			knownRegions = (
				en,
			);
			mainGroup = 038A53001B2E8A37001AD6DA;
			productRefGroup = 038A530A1B2E8A37001AD6DA /* Products */;
			projectDirPath = "";
			projectRoot = "";
			targets = (
				038A53081B2E8A37001AD6DA /* CLIBoxing */,
			);
		};
/* End PBXProject section */

/* Begin PBXSourcesBuildPhase section */
		038A53051B2E8A37001AD6DA /* Sources */ = {
			isa = PBXSourcesBuildPhase;
			buildActionMask = 2147483647;
			files = (
				038A53141B2E8AFC001AD6DA /* Boxer.swift in Sources */,
				038A530D1B2E8A37001AD6DA /* main.swift in Sources */,
				038A53161B2E8BD2001AD6DA /* GameActions.swift in Sources */,
			);
			runOnlyForDeploymentPostprocessing = 0;
		};
/* End PBXSourcesBuildPhase section */

/* Begin XCBuildConfiguration section */
		038A530E1B2E8A37001AD6DA /* Debug */ = {
			isa = XCBuildConfiguration;
			buildSettings = {
				ALWAYS_SEARCH_USER_PATHS = NO;
				CLANG_CXX_LANGUAGE_STANDARD = "gnu++0x";
				CLANG_CXX_LIBRARY = "libc++";
				CLANG_ENABLE_MODULES = YES;
				CLANG_ENABLE_OBJC_ARC = YES;
				CLANG_WARN_BOOL_CONVERSION = YES;
				CLANG_WARN_CONSTANT_CONVERSION = YES;
				CLANG_WARN_DIRECT_OBJC_ISA_USAGE = YES_ERROR;
				CLANG_WARN_EMPTY_BODY = YES;
				CLANG_WARN_ENUM_CONVERSION = YES;
				CLANG_WARN_INT_CONVERSION = YES;
				CLANG_WARN_OBJC_ROOT_CLASS = YES_ERROR;
				CLANG_WARN_UNREACHABLE_CODE = YES;
				CLANG_WARN__DUPLICATE_METHOD_MATCH = YES;
				COPY_PHASE_STRIP = NO;
				ENABLE_STRICT_OBJC_MSGSEND = YES;
				GCC_C_LANGUAGE_STANDARD = gnu99;
				GCC_DYNAMIC_NO_PIC = NO;
				GCC_OPTIMIZATION_LEVEL = 0;
				GCC_PREPROCESSOR_DEFINITIONS = (
					"DEBUG=1",
					"$(inherited)",
				);
				GCC_SYMBOLS_PRIVATE_EXTERN = NO;
				GCC_WARN_64_TO_32_BIT_CONVERSION = YES;
				GCC_WARN_ABOUT_RETURN_TYPE = YES_ERROR;
				GCC_WARN_UNDECLARED_SELECTOR = YES;
				GCC_WARN_UNINITIALIZED_AUTOS = YES_AGGRESSIVE;
				GCC_WARN_UNUSED_FUNCTION = YES;
				GCC_WARN_UNUSED_VARIABLE = YES;
				MACOSX_DEPLOYMENT_TARGET = 10.10;
				MTL_ENABLE_DEBUG_INFO = YES;
				ONLY_ACTIVE_ARCH = YES;
				SDKROOT = macosx;
				SWIFT_OPTIMIZATION_LEVEL = "-Onone";
			};
			name = Debug;
		};
		038A530F1B2E8A37001AD6DA /* Release */ = {
			isa = XCBuildConfiguration;
			buildSettings = {
				ALWAYS_SEARCH_USER_PATHS = NO;
				CLANG_CXX_LANGUAGE_STANDARD = "gnu++0x";
				CLANG_CXX_LIBRARY = "libc++";
				CLANG_ENABLE_MODULES = YES;
				CLANG_ENABLE_OBJC_ARC = YES;
				CLANG_WARN_BOOL_CONVERSION = YES;
				CLANG_WARN_CONSTANT_CONVERSION = YES;
				CLANG_WARN_DIRECT_OBJC_ISA_USAGE = YES_ERROR;
				CLANG_WARN_EMPTY_BODY = YES;
				CLANG_WARN_ENUM_CONVERSION = YES;
				CLANG_WARN_INT_CONVERSION = YES;
				CLANG_WARN_OBJC_ROOT_CLASS = YES_ERROR;
				CLANG_WARN_UNREACHABLE_CODE = YES;
				CLANG_WARN__DUPLICATE_METHOD_MATCH = YES;
				COPY_PHASE_STRIP = YES;
				DEBUG_INFORMATION_FORMAT = "dwarf-with-dsym";
				ENABLE_NS_ASSERTIONS = NO;
				ENABLE_STRICT_OBJC_MSGSEND = YES;
				GCC_C_LANGUAGE_STANDARD = gnu99;
				GCC_WARN_64_TO_32_BIT_CONVERSION = YES;
				GCC_WARN_ABOUT_RETURN_TYPE = YES_ERROR;
				GCC_WARN_UNDECLARED_SELECTOR = YES;
				GCC_WARN_UNINITIALIZED_AUTOS = YES_AGGRESSIVE;
				GCC_WARN_UNUSED_FUNCTION = YES;
				GCC_WARN_UNUSED_VARIABLE = YES;
				MACOSX_DEPLOYMENT_TARGET = 10.10;
				MTL_ENABLE_DEBUG_INFO = NO;
				SDKROOT = macosx;
			};
			name = Release;
		};
		038A53111B2E8A37001AD6DA /* Debug */ = {
			isa = XCBuildConfiguration;
			buildSettings = {
				PRODUCT_NAME = "$(TARGET_NAME)";
			};
			name = Debug;
		};
		038A53121B2E8A37001AD6DA /* Release */ = {
			isa = XCBuildConfiguration;
			buildSettings = {
				PRODUCT_NAME = "$(TARGET_NAME)";
			};
			name = Release;
		};
/* End XCBuildConfiguration section */

/* Begin XCConfigurationList section */
		038A53041B2E8A37001AD6DA /* Build configuration list for PBXProject "CLIBoxing" */ = {
			isa = XCConfigurationList;
			buildConfigurations = (
				038A530E1B2E8A37001AD6DA /* Debug */,
				038A530F1B2E8A37001AD6DA /* Release */,
			);
			defaultConfigurationIsVisible = 0;
			defaultConfigurationName = Release;
		};
		038A53101B2E8A37001AD6DA /* Build configuration list for PBXNativeTarget "CLIBoxing" */ = {
			isa = XCConfigurationList;
			buildConfigurations = (
				038A53111B2E8A37001AD6DA /* Debug */,
				038A53121B2E8A37001AD6DA /* Release */,
			);
			defaultConfigurationIsVisible = 0;
		};
/* End XCConfigurationList section */
	};
	rootObject = 038A53011B2E8A37001AD6DA /* Project object */;
}
